
Microsoft Visual Studio Solution File, Format Version 12.00
# Visual Studio Version 17
VisualStudioVersion = 17.2.32526.322
MinimumVisualStudioVersion = 10.0.40219.1
Project("{FAE04EC0-301F-11D3-BF4B-00C04F79EFBC}") = "calculator", "calculator\calculator.csproj", "{5AF70FE3-D4BD-4B76-BA54-D7B8D5EE0AD8}"
EndProject
Global
	GlobalSection(SolutionConfigurationPlatforms) = preSolution
		Debug|Any CPU = Debug|Any CPU
		Release|Any CPU = Release|Any CPU
	EndGlobalSection
	GlobalSection(ProjectConfigurationPlatforms) = postSolution
		{5AF70FE3-D4BD-4B76-BA54-D7B8D5EE0AD8}.Debug|Any CPU.ActiveCfg = Debug|Any CPU
		{5AF70FE3-D4BD-4B76-BA54-D7B8D5EE0AD8}.Debug|Any CPU.Build.0 = Debug|Any CPU
		{5AF70FE3-D4BD-4B76-BA54-D7B8D5EE0AD8}.Release|Any CPU.ActiveCfg = Release|Any CPU
		{5AF70FE3-D4BD-4B76-BA54-D7B8D5EE0AD8}.Release|Any CPU.Build.0 = Release|Any CPU
	EndGlobalSection
	GlobalSection(SolutionProperties) = preSolution
		HideSolutionNode = FALSE
	EndGlobalSection
	GlobalSection(ExtensibilityGlobals) = postSolution
		SolutionGuid = {5CC4B68B-8AB9-4769-9929-B86A51B0F380}
	EndGlobalSection
EndGlobal
